// !$*UTF8*$!
{
	archiveVersion = 1;
	classes = {
	};
	objectVersion = 46;
	objects = {

/* Begin PBXBuildFile section */
		7048308D1D813EAF0092DC0F /* main.m in Sources */ = {isa = PBXBuildFile; fileRef = 7048308C1D813EAF0092DC0F /* main.m */; };
		704830901D813EAF0092DC0F /* AppDelegate.m in Sources */ = {isa = PBXBuildFile; fileRef = 7048308F1D813EAF0092DC0F /* AppDelegate.m */; };
		704830931D813EAF0092DC0F /* ViewController.m in Sources */ = {isa = PBXBuildFile; fileRef = 704830921D813EAF0092DC0F /* ViewController.m */; };
		704830961D813EAF0092DC0F /* Main.storyboard in Resources */ = {isa = PBXBuildFile; fileRef = 704830941D813EAF0092DC0F /* Main.storyboard */; };
		704830981D813EAF0092DC0F /* Assets.xcassets in Resources */ = {isa = PBXBuildFile; fileRef = 704830971D813EAF0092DC0F /* Assets.xcassets */; };
		7048309B1D813EAF0092DC0F /* LaunchScreen.storyboard in Resources */ = {isa = PBXBuildFile; fileRef = 704830991D813EAF0092DC0F /* LaunchScreen.storyboard */; };
		704830A61D813EAF0092DC0F /* AppleWatchOS3DemoTests.m in Sources */ = {isa = PBXBuildFile; fileRef = 704830A51D813EAF0092DC0F /* AppleWatchOS3DemoTests.m */; };
		704830B11D813EAF0092DC0F /* AppleWatchOS3DemoUITests.m in Sources */ = {isa = PBXBuildFile; fileRef = 704830B01D813EAF0092DC0F /* AppleWatchOS3DemoUITests.m */; };
		704830C41D813FCC0092DC0F /* Interface.storyboard in Resources */ = {isa = PBXBuildFile; fileRef = 704830C21D813FCC0092DC0F /* Interface.storyboard */; };
		704830C61D813FCC0092DC0F /* Assets.xcassets in Resources */ = {isa = PBXBuildFile; fileRef = 704830C51D813FCC0092DC0F /* Assets.xcassets */; };
		704830CD1D813FCC0092DC0F /* WatchApp Extension.appex in Embed App Extensions */ = {isa = PBXBuildFile; fileRef = 704830CC1D813FCC0092DC0F /* WatchApp Extension.appex */; settings = {ATTRIBUTES = (RemoveHeadersOnCopy, ); }; };
		704830D51D813FCC0092DC0F /* InterfaceController.m in Sources */ = {isa = PBXBuildFile; fileRef = 704830D41D813FCC0092DC0F /* InterfaceController.m */; };
		704830D81D813FCC0092DC0F /* ExtensionDelegate.m in Sources */ = {isa = PBXBuildFile; fileRef = 704830D71D813FCC0092DC0F /* ExtensionDelegate.m */; };
		704830DB1D813FCC0092DC0F /* NotificationController.m in Sources */ = {isa = PBXBuildFile; fileRef = 704830DA1D813FCC0092DC0F /* NotificationController.m */; };
		704830DE1D813FCC0092DC0F /* ComplicationController.m in Sources */ = {isa = PBXBuildFile; fileRef = 704830DD1D813FCC0092DC0F /* ComplicationController.m */; };
		704830E01D813FCC0092DC0F /* Assets.xcassets in Resources */ = {isa = PBXBuildFile; fileRef = 704830DF1D813FCC0092DC0F /* Assets.xcassets */; };
		704830E41D813FCC0092DC0F /* WatchApp.app in Embed Watch Content */ = {isa = PBXBuildFile; fileRef = 704830C01D813FCC0092DC0F /* WatchApp.app */; };
/* End PBXBuildFile section */

/* Begin PBXContainerItemProxy section */
		704830A21D813EAF0092DC0F /* PBXContainerItemProxy */ = {
			isa = PBXContainerItemProxy;
			containerPortal = 704830801D813EAF0092DC0F /* Project object */;
			proxyType = 1;
			remoteGlobalIDString = 704830871D813EAF0092DC0F;
			remoteInfo = AppleWatchOS3Demo;
		};
		704830AD1D813EAF0092DC0F /* PBXContainerItemProxy */ = {
			isa = PBXContainerItemProxy;
			containerPortal = 704830801D813EAF0092DC0F /* Project object */;
			proxyType = 1;
			remoteGlobalIDString = 704830871D813EAF0092DC0F;
			remoteInfo = AppleWatchOS3Demo;
		};
		704830CE1D813FCC0092DC0F /* PBXContainerItemProxy */ = {
			isa = PBXContainerItemProxy;
			containerPortal = 704830801D813EAF0092DC0F /* Project object */;
			proxyType = 1;
			remoteGlobalIDString = 704830CB1D813FCC0092DC0F;
			remoteInfo = "WatchApp Extension";
		};
		704830E21D813FCC0092DC0F /* PBXContainerItemProxy */ = {
			isa = PBXContainerItemProxy;
			containerPortal = 704830801D813EAF0092DC0F /* Project object */;
			proxyType = 1;
			remoteGlobalIDString = 704830BF1D813FCC0092DC0F;
			remoteInfo = WatchApp;
		};
/* End PBXContainerItemProxy section */

/* Begin PBXCopyFilesBuildPhase section */
		704830EA1D813FCC0092DC0F /* Embed App Extensions */ = {
			isa = PBXCopyFilesBuildPhase;
			buildActionMask = 2147483647;
			dstPath = "";
			dstSubfolderSpec = 13;
			files = (
				704830CD1D813FCC0092DC0F /* WatchApp Extension.appex in Embed App Extensions */,
			);
			name = "Embed App Extensions";
			runOnlyForDeploymentPostprocessing = 0;
		};
		704830EC1D813FCC0092DC0F /* Embed Watch Content */ = {
			isa = PBXCopyFilesBuildPhase;
			buildActionMask = 2147483647;
			dstPath = "$(CONTENTS_FOLDER_PATH)/Watch";
			dstSubfolderSpec = 16;
			files = (
				704830E41D813FCC0092DC0F /* WatchApp.app in Embed Watch Content */,
			);
			name = "Embed Watch Content";
			runOnlyForDeploymentPostprocessing = 0;
		};
/* End PBXCopyFilesBuildPhase section */

/* Begin PBXFileReference section */
		704830881D813EAF0092DC0F /* AppleWatchOS3Demo.app */ = {isa = PBXFileReference; explicitFileType = wrapper.application; includeInIndex = 0; path = AppleWatchOS3Demo.app; sourceTree = BUILT_PRODUCTS_DIR; };
		7048308C1D813EAF0092DC0F /* main.m */ = {isa = PBXFileReference; lastKnownFileType = sourcecode.c.objc; path = main.m; sourceTree = "<group>"; };
		7048308E1D813EAF0092DC0F /* AppDelegate.h */ = {isa = PBXFileReference; lastKnownFileType = sourcecode.c.h; path = AppDelegate.h; sourceTree = "<group>"; };
		7048308F1D813EAF0092DC0F /* AppDelegate.m */ = {isa = PBXFileReference; lastKnownFileType = sourcecode.c.objc; path = AppDelegate.m; sourceTree = "<group>"; };
		704830911D813EAF0092DC0F /* ViewController.h */ = {isa = PBXFileReference; lastKnownFileType = sourcecode.c.h; path = ViewController.h; sourceTree = "<group>"; };
		704830921D813EAF0092DC0F /* ViewController.m */ = {isa = PBXFileReference; lastKnownFileType = sourcecode.c.objc; path = ViewController.m; sourceTree = "<group>"; };
		704830951D813EAF0092DC0F /* Base */ = {isa = PBXFileReference; lastKnownFileType = file.storyboard; name = Base; path = Base.lproj/Main.storyboard; sourceTree = "<group>"; };
		704830971D813EAF0092DC0F /* Assets.xcassets */ = {isa = PBXFileReference; lastKnownFileType = folder.assetcatalog; path = Assets.xcassets; sourceTree = "<group>"; };
		7048309A1D813EAF0092DC0F /* Base */ = {isa = PBXFileReference; lastKnownFileType = file.storyboard; name = Base; path = Base.lproj/LaunchScreen.storyboard; sourceTree = "<group>"; };
		7048309C1D813EAF0092DC0F /* Info.plist */ = {isa = PBXFileReference; lastKnownFileType = text.plist.xml; path = Info.plist; sourceTree = "<group>"; };
		704830A11D813EAF0092DC0F /* AppleWatchOS3DemoTests.xctest */ = {isa = PBXFileReference; explicitFileType = wrapper.cfbundle; includeInIndex = 0; path = AppleWatchOS3DemoTests.xctest; sourceTree = BUILT_PRODUCTS_DIR; };
		704830A51D813EAF0092DC0F /* AppleWatchOS3DemoTests.m */ = {isa = PBXFileReference; lastKnownFileType = sourcecode.c.objc; path = AppleWatchOS3DemoTests.m; sourceTree = "<group>"; };
		704830A71D813EAF0092DC0F /* Info.plist */ = {isa = PBXFileReference; lastKnownFileType = text.plist.xml; path = Info.plist; sourceTree = "<group>"; };
		704830AC1D813EAF0092DC0F /* AppleWatchOS3DemoUITests.xctest */ = {isa = PBXFileReference; explicitFileType = wrapper.cfbundle; includeInIndex = 0; path = AppleWatchOS3DemoUITests.xctest; sourceTree = BUILT_PRODUCTS_DIR; };
		704830B01D813EAF0092DC0F /* AppleWatchOS3DemoUITests.m */ = {isa = PBXFileReference; lastKnownFileType = sourcecode.c.objc; path = AppleWatchOS3DemoUITests.m; sourceTree = "<group>"; };
		704830B21D813EAF0092DC0F /* Info.plist */ = {isa = PBXFileReference; lastKnownFileType = text.plist.xml; path = Info.plist; sourceTree = "<group>"; };
		704830C01D813FCC0092DC0F /* WatchApp.app */ = {isa = PBXFileReference; explicitFileType = wrapper.application; includeInIndex = 0; path = WatchApp.app; sourceTree = BUILT_PRODUCTS_DIR; };
		704830C31D813FCC0092DC0F /* Base */ = {isa = PBXFileReference; lastKnownFileType = file.storyboard; name = Base; path = Base.lproj/Interface.storyboard; sourceTree = "<group>"; };
		704830C51D813FCC0092DC0F /* Assets.xcassets */ = {isa = PBXFileReference; lastKnownFileType = folder.assetcatalog; path = Assets.xcassets; sourceTree = "<group>"; };
		704830C71D813FCC0092DC0F /* Info.plist */ = {isa = PBXFileReference; lastKnownFileType = text.plist.xml; path = Info.plist; sourceTree = "<group>"; };
		704830CC1D813FCC0092DC0F /* WatchApp Extension.appex */ = {isa = PBXFileReference; explicitFileType = "wrapper.app-extension"; includeInIndex = 0; path = "WatchApp Extension.appex"; sourceTree = BUILT_PRODUCTS_DIR; };
		704830D21D813FCC0092DC0F /* PushNotificationPayload.apns */ = {isa = PBXFileReference; lastKnownFileType = text; path = PushNotificationPayload.apns; sourceTree = "<group>"; };
		704830D31D813FCC0092DC0F /* InterfaceController.h */ = {isa = PBXFileReference; lastKnownFileType = sourcecode.c.h; path = InterfaceController.h; sourceTree = "<group>"; };
		704830D41D813FCC0092DC0F /* InterfaceController.m */ = {isa = PBXFileReference; lastKnownFileType = sourcecode.c.objc; path = InterfaceController.m; sourceTree = "<group>"; };
		704830D61D813FCC0092DC0F /* ExtensionDelegate.h */ = {isa = PBXFileReference; lastKnownFileType = sourcecode.c.h; path = ExtensionDelegate.h; sourceTree = "<group>"; };
		704830D71D813FCC0092DC0F /* ExtensionDelegate.m */ = {isa = PBXFileReference; lastKnownFileType = sourcecode.c.objc; path = ExtensionDelegate.m; sourceTree = "<group>"; };
		704830D91D813FCC0092DC0F /* NotificationController.h */ = {isa = PBXFileReference; lastKnownFileType = sourcecode.c.h; path = NotificationController.h; sourceTree = "<group>"; };
		704830DA1D813FCC0092DC0F /* NotificationController.m */ = {isa = PBXFileReference; lastKnownFileType = sourcecode.c.objc; path = NotificationController.m; sourceTree = "<group>"; };
		704830DC1D813FCC0092DC0F /* ComplicationController.h */ = {isa = PBXFileReference; lastKnownFileType = sourcecode.c.h; path = ComplicationController.h; sourceTree = "<group>"; };
		704830DD1D813FCC0092DC0F /* ComplicationController.m */ = {isa = PBXFileReference; lastKnownFileType = sourcecode.c.objc; path = ComplicationController.m; sourceTree = "<group>"; };
		704830DF1D813FCC0092DC0F /* Assets.xcassets */ = {isa = PBXFileReference; lastKnownFileType = folder.assetcatalog; path = Assets.xcassets; sourceTree = "<group>"; };
		704830E11D813FCC0092DC0F /* Info.plist */ = {isa = PBXFileReference; lastKnownFileType = text.plist.xml; path = Info.plist; sourceTree = "<group>"; };
/* End PBXFileReference section */

/* Begin PBXFrameworksBuildPhase section */
		704830851D813EAF0092DC0F /* Frameworks */ = {
			isa = PBXFrameworksBuildPhase;
			buildActionMask = 2147483647;
			files = (
			);
			runOnlyForDeploymentPostprocessing = 0;
		};
		7048309E1D813EAF0092DC0F /* Frameworks */ = {
			isa = PBXFrameworksBuildPhase;
			buildActionMask = 2147483647;
			files = (
			);
			runOnlyForDeploymentPostprocessing = 0;
		};
		704830A91D813EAF0092DC0F /* Frameworks */ = {
			isa = PBXFrameworksBuildPhase;
			buildActionMask = 2147483647;
			files = (
			);
			runOnlyForDeploymentPostprocessing = 0;
		};
		704830C91D813FCC0092DC0F /* Frameworks */ = {
			isa = PBXFrameworksBuildPhase;
			buildActionMask = 2147483647;
			files = (
			);
			runOnlyForDeploymentPostprocessing = 0;
		};
/* End PBXFrameworksBuildPhase section */

/* Begin PBXGroup section */
		7048307F1D813EAF0092DC0F = {
			isa = PBXGroup;
			children = (
				7048308A1D813EAF0092DC0F /* AppleWatchOS3Demo */,
				704830A41D813EAF0092DC0F /* AppleWatchOS3DemoTests */,
				704830AF1D813EAF0092DC0F /* AppleWatchOS3DemoUITests */,
				704830C11D813FCC0092DC0F /* WatchApp */,
				704830D01D813FCC0092DC0F /* WatchApp Extension */,
				704830891D813EAF0092DC0F /* Products */,
			);
			sourceTree = "<group>";
		};
		704830891D813EAF0092DC0F /* Products */ = {
			isa = PBXGroup;
			children = (
				704830881D813EAF0092DC0F /* AppleWatchOS3Demo.app */,
				704830A11D813EAF0092DC0F /* AppleWatchOS3DemoTests.xctest */,
				704830AC1D813EAF0092DC0F /* AppleWatchOS3DemoUITests.xctest */,
				704830C01D813FCC0092DC0F /* WatchApp.app */,
				704830CC1D813FCC0092DC0F /* WatchApp Extension.appex */,
			);
			name = Products;
			sourceTree = "<group>";
		};
		7048308A1D813EAF0092DC0F /* AppleWatchOS3Demo */ = {
			isa = PBXGroup;
			children = (
				7048308E1D813EAF0092DC0F /* AppDelegate.h */,
				7048308F1D813EAF0092DC0F /* AppDelegate.m */,
				704830911D813EAF0092DC0F /* ViewController.h */,
				704830921D813EAF0092DC0F /* ViewController.m */,
				704830941D813EAF0092DC0F /* Main.storyboard */,
				704830971D813EAF0092DC0F /* Assets.xcassets */,
				704830991D813EAF0092DC0F /* LaunchScreen.storyboard */,
				7048309C1D813EAF0092DC0F /* Info.plist */,
				7048308B1D813EAF0092DC0F /* Supporting Files */,
			);
			path = AppleWatchOS3Demo;
			sourceTree = "<group>";
		};
		7048308B1D813EAF0092DC0F /* Supporting Files */ = {
			isa = PBXGroup;
			children = (
				7048308C1D813EAF0092DC0F /* main.m */,
			);
			name = "Supporting Files";
			sourceTree = "<group>";
		};
		704830A41D813EAF0092DC0F /* AppleWatchOS3DemoTests */ = {
			isa = PBXGroup;
			children = (
				704830A51D813EAF0092DC0F /* AppleWatchOS3DemoTests.m */,
				704830A71D813EAF0092DC0F /* Info.plist */,
			);
			path = AppleWatchOS3DemoTests;
			sourceTree = "<group>";
		};
		704830AF1D813EAF0092DC0F /* AppleWatchOS3DemoUITests */ = {
			isa = PBXGroup;
			children = (
				704830B01D813EAF0092DC0F /* AppleWatchOS3DemoUITests.m */,
				704830B21D813EAF0092DC0F /* Info.plist */,
			);
			path = AppleWatchOS3DemoUITests;
			sourceTree = "<group>";
		};
		704830C11D813FCC0092DC0F /* WatchApp */ = {
			isa = PBXGroup;
			children = (
				704830C21D813FCC0092DC0F /* Interface.storyboard */,
				704830C51D813FCC0092DC0F /* Assets.xcassets */,
				704830C71D813FCC0092DC0F /* Info.plist */,
			);
			path = WatchApp;
			sourceTree = "<group>";
		};
		704830D01D813FCC0092DC0F /* WatchApp Extension */ = {
			isa = PBXGroup;
			children = (
				704830D31D813FCC0092DC0F /* InterfaceController.h */,
				704830D41D813FCC0092DC0F /* InterfaceController.m */,
				704830D61D813FCC0092DC0F /* ExtensionDelegate.h */,
				704830D71D813FCC0092DC0F /* ExtensionDelegate.m */,
				704830D91D813FCC0092DC0F /* NotificationController.h */,
				704830DA1D813FCC0092DC0F /* NotificationController.m */,
				704830DC1D813FCC0092DC0F /* ComplicationController.h */,
				704830DD1D813FCC0092DC0F /* ComplicationController.m */,
				704830DF1D813FCC0092DC0F /* Assets.xcassets */,
				704830E11D813FCC0092DC0F /* Info.plist */,
				704830D11D813FCC0092DC0F /* Supporting Files */,
			);
			path = "WatchApp Extension";
			sourceTree = "<group>";
		};
		704830D11D813FCC0092DC0F /* Supporting Files */ = {
			isa = PBXGroup;
			children = (
				704830D21D813FCC0092DC0F /* PushNotificationPayload.apns */,
			);
			name = "Supporting Files";
			sourceTree = "<group>";
		};
/* End PBXGroup section */

/* Begin PBXNativeTarget section */
		704830871D813EAF0092DC0F /* AppleWatchOS3Demo */ = {
			isa = PBXNativeTarget;
			buildConfigurationList = 704830B51D813EAF0092DC0F /* Build configuration list for PBXNativeTarget "AppleWatchOS3Demo" */;
			buildPhases = (
				704830841D813EAF0092DC0F /* Sources */,
				704830851D813EAF0092DC0F /* Frameworks */,
				704830861D813EAF0092DC0F /* Resources */,
				704830EC1D813FCC0092DC0F /* Embed Watch Content */,
			);
			buildRules = (
			);
			dependencies = (
				704830E31D813FCC0092DC0F /* PBXTargetDependency */,
			);
			name = AppleWatchOS3Demo;
			productName = AppleWatchOS3Demo;
			productReference = 704830881D813EAF0092DC0F /* AppleWatchOS3Demo.app */;
			productType = "com.apple.product-type.application";
		};
		704830A01D813EAF0092DC0F /* AppleWatchOS3DemoTests */ = {
			isa = PBXNativeTarget;
			buildConfigurationList = 704830B81D813EAF0092DC0F /* Build configuration list for PBXNativeTarget "AppleWatchOS3DemoTests" */;
			buildPhases = (
				7048309D1D813EAF0092DC0F /* Sources */,
				7048309E1D813EAF0092DC0F /* Frameworks */,
				7048309F1D813EAF0092DC0F /* Resources */,
			);
			buildRules = (
			);
			dependencies = (
				704830A31D813EAF0092DC0F /* PBXTargetDependency */,
			);
			name = AppleWatchOS3DemoTests;
			productName = AppleWatchOS3DemoTests;
			productReference = 704830A11D813EAF0092DC0F /* AppleWatchOS3DemoTests.xctest */;
			productType = "com.apple.product-type.bundle.unit-test";
		};
		704830AB1D813EAF0092DC0F /* AppleWatchOS3DemoUITests */ = {
			isa = PBXNativeTarget;
			buildConfigurationList = 704830BB1D813EAF0092DC0F /* Build configuration list for PBXNativeTarget "AppleWatchOS3DemoUITests" */;
			buildPhases = (
				704830A81D813EAF0092DC0F /* Sources */,
				704830A91D813EAF0092DC0F /* Frameworks */,
				704830AA1D813EAF0092DC0F /* Resources */,
			);
			buildRules = (
			);
			dependencies = (
				704830AE1D813EAF0092DC0F /* PBXTargetDependency */,
			);
			name = AppleWatchOS3DemoUITests;
			productName = AppleWatchOS3DemoUITests;
			productReference = 704830AC1D813EAF0092DC0F /* AppleWatchOS3DemoUITests.xctest */;
			productType = "com.apple.product-type.bundle.ui-testing";
		};
		704830BF1D813FCC0092DC0F /* WatchApp */ = {
			isa = PBXNativeTarget;
			buildConfigurationList = 704830EB1D813FCC0092DC0F /* Build configuration list for PBXNativeTarget "WatchApp" */;
			buildPhases = (
				704830BE1D813FCC0092DC0F /* Resources */,
				704830EA1D813FCC0092DC0F /* Embed App Extensions */,
			);
			buildRules = (
			);
			dependencies = (
				704830CF1D813FCC0092DC0F /* PBXTargetDependency */,
			);
			name = WatchApp;
			productName = WatchApp;
			productReference = 704830C01D813FCC0092DC0F /* WatchApp.app */;
			productType = "com.apple.product-type.application.watchapp2";
		};
		704830CB1D813FCC0092DC0F /* WatchApp Extension */ = {
			isa = PBXNativeTarget;
			buildConfigurationList = 704830E91D813FCC0092DC0F /* Build configuration list for PBXNativeTarget "WatchApp Extension" */;
			buildPhases = (
				704830C81D813FCC0092DC0F /* Sources */,
				704830C91D813FCC0092DC0F /* Frameworks */,
				704830CA1D813FCC0092DC0F /* Resources */,
			);
			buildRules = (
			);
			dependencies = (
			);
			name = "WatchApp Extension";
			productName = "WatchApp Extension";
			productReference = 704830CC1D813FCC0092DC0F /* WatchApp Extension.appex */;
			productType = "com.apple.product-type.watchkit2-extension";
		};
/* End PBXNativeTarget section */

/* Begin PBXProject section */
		704830801D813EAF0092DC0F /* Project object */ = {
			isa = PBXProject;
			attributes = {
				LastUpgradeCheck = 0800;
				ORGANIZATIONNAME = JerryLiu;
				TargetAttributes = {
					704830871D813EAF0092DC0F = {
						CreatedOnToolsVersion = 8.0;
						DevelopmentTeam = W755NUT7GJ;
						ProvisioningStyle = Automatic;
					};
					704830A01D813EAF0092DC0F = {
						CreatedOnToolsVersion = 8.0;
						DevelopmentTeam = W755NUT7GJ;
						ProvisioningStyle = Automatic;
						TestTargetID = 704830871D813EAF0092DC0F;
					};
					704830AB1D813EAF0092DC0F = {
						CreatedOnToolsVersion = 8.0;
						DevelopmentTeam = W755NUT7GJ;
						ProvisioningStyle = Automatic;
						TestTargetID = 704830871D813EAF0092DC0F;
					};
					704830BF1D813FCC0092DC0F = {
						CreatedOnToolsVersion = 8.0;
						DevelopmentTeam = W755NUT7GJ;
						ProvisioningStyle = Automatic;
					};
					704830CB1D813FCC0092DC0F = {
						CreatedOnToolsVersion = 8.0;
						DevelopmentTeam = W755NUT7GJ;
						ProvisioningStyle = Automatic;
					};
				};
			};
			buildConfigurationList = 704830831D813EAF0092DC0F /* Build configuration list for PBXProject "AppleWatchOS3Demo" */;
			compatibilityVersion = "Xcode 3.2";
			developmentRegion = English;
			hasScannedForEncodings = 0;
			knownRegions = (
				en,
				Base,
			);
			mainGroup = 7048307F1D813EAF0092DC0F;
			productRefGroup = 704830891D813EAF0092DC0F /* Products */;
			projectDirPath = "";
			projectRoot = "";
			targets = (
				704830871D813EAF0092DC0F /* AppleWatchOS3Demo */,
				704830A01D813EAF0092DC0F /* AppleWatchOS3DemoTests */,
				704830AB1D813EAF0092DC0F /* AppleWatchOS3DemoUITests */,
				704830BF1D813FCC0092DC0F /* WatchApp */,
				704830CB1D813FCC0092DC0F /* WatchApp Extension */,
			);
		};
/* End PBXProject section */

/* Begin PBXResourcesBuildPhase section */
		704830861D813EAF0092DC0F /* Resources */ = {
			isa = PBXResourcesBuildPhase;
			buildActionMask = 2147483647;
			files = (
				7048309B1D813EAF0092DC0F /* LaunchScreen.storyboard in Resources */,
				704830981D813EAF0092DC0F /* Assets.xcassets in Resources */,
				704830961D813EAF0092DC0F /* Main.storyboard in Resources */,
			);
			runOnlyForDeploymentPostprocessing = 0;
		};
		7048309F1D813EAF0092DC0F /* Resources */ = {
			isa = PBXResourcesBuildPhase;
			buildActionMask = 2147483647;
			files = (
			);
			runOnlyForDeploymentPostprocessing = 0;
		};
		704830AA1D813EAF0092DC0F /* Resources */ = {
			isa = PBXResourcesBuildPhase;
			buildActionMask = 2147483647;
			files = (
			);
			runOnlyForDeploymentPostprocessing = 0;
		};
		704830BE1D813FCC0092DC0F /* Resources */ = {
			isa = PBXResourcesBuildPhase;
			buildActionMask = 2147483647;
			files = (
				704830C61D813FCC0092DC0F /* Assets.xcassets in Resources */,
				704830C41D813FCC0092DC0F /* Interface.storyboard in Resources */,
			);
			runOnlyForDeploymentPostprocessing = 0;
		};
		704830CA1D813FCC0092DC0F /* Resources */ = {
			isa = PBXResourcesBuildPhase;
			buildActionMask = 2147483647;
			files = (
				704830E01D813FCC0092DC0F /* Assets.xcassets in Resources */,
			);
			runOnlyForDeploymentPostprocessing = 0;
		};
/* End PBXResourcesBuildPhase section */

/* Begin PBXSourcesBuildPhase section */
		704830841D813EAF0092DC0F /* Sources */ = {
			isa = PBXSourcesBuildPhase;
			buildActionMask = 2147483647;
			files = (
				704830931D813EAF0092DC0F /* ViewController.m in Sources */,
				704830901D813EAF0092DC0F /* AppDelegate.m in Sources */,
				7048308D1D813EAF0092DC0F /* main.m in Sources */,
			);
			runOnlyForDeploymentPostprocessing = 0;
		};
		7048309D1D813EAF0092DC0F /* Sources */ = {
			isa = PBXSourcesBuildPhase;
			buildActionMask = 2147483647;
			files = (
				704830A61D813EAF0092DC0F /* AppleWatchOS3DemoTests.m in Sources */,
			);
			runOnlyForDeploymentPostprocessing = 0;
		};
		704830A81D813EAF0092DC0F /* Sources */ = {
			isa = PBXSourcesBuildPhase;
			buildActionMask = 2147483647;
			files = (
				704830B11D813EAF0092DC0F /* AppleWatchOS3DemoUITests.m in Sources */,
			);
			runOnlyForDeploymentPostprocessing = 0;
		};
		704830C81D813FCC0092DC0F /* Sources */ = {
			isa = PBXSourcesBuildPhase;
			buildActionMask = 2147483647;
			files = (
				704830D81D813FCC0092DC0F /* ExtensionDelegate.m in Sources */,
				704830DE1D813FCC0092DC0F /* ComplicationController.m in Sources */,
				704830D51D813FCC0092DC0F /* InterfaceController.m in Sources */,
				704830DB1D813FCC0092DC0F /* NotificationController.m in Sources */,
			);
			runOnlyForDeploymentPostprocessing = 0;
		};
/* End PBXSourcesBuildPhase section */

/* Begin PBXTargetDependency section */
		704830A31D813EAF0092DC0F /* PBXTargetDependency */ = {
			isa = PBXTargetDependency;
			target = 704830871D813EAF0092DC0F /* AppleWatchOS3Demo */;
			targetProxy = 704830A21D813EAF0092DC0F /* PBXContainerItemProxy */;
		};
		704830AE1D813EAF0092DC0F /* PBXTargetDependency */ = {
			isa = PBXTargetDependency;
			target = 704830871D813EAF0092DC0F /* AppleWatchOS3Demo */;
			targetProxy = 704830AD1D813EAF0092DC0F /* PBXContainerItemProxy */;
		};
		704830CF1D813FCC0092DC0F /* PBXTargetDependency */ = {
			isa = PBXTargetDependency;
			target = 704830CB1D813FCC0092DC0F /* WatchApp Extension */;
			targetProxy = 704830CE1D813FCC0092DC0F /* PBXContainerItemProxy */;
		};
		704830E31D813FCC0092DC0F /* PBXTargetDependency */ = {
			isa = PBXTargetDependency;
			target = 704830BF1D813FCC0092DC0F /* WatchApp */;
			targetProxy = 704830E21D813FCC0092DC0F /* PBXContainerItemProxy */;
		};
/* End PBXTargetDependency section */

/* Begin PBXVariantGroup section */
		704830941D813EAF0092DC0F /* Main.storyboard */ = {
			isa = PBXVariantGroup;
			children = (
				704830951D813EAF0092DC0F /* Base */,
			);
			name = Main.storyboard;
			sourceTree = "<group>";
		};
		704830991D813EAF0092DC0F /* LaunchScreen.storyboard */ = {
			isa = PBXVariantGroup;
			children = (
				7048309A1D813EAF0092DC0F /* Base */,
			);
			name = LaunchScreen.storyboard;
			sourceTree = "<group>";
		};
		704830C21D813FCC0092DC0F /* Interface.storyboard */ = {
			isa = PBXVariantGroup;
			children = (
				704830C31D813FCC0092DC0F /* Base */,
			);
			name = Interface.storyboard;
			sourceTree = "<group>";
		};
/* End PBXVariantGroup section */

/* Begin XCBuildConfiguration section */
		704830B31D813EAF0092DC0F /* Debug */ = {
			isa = XCBuildConfiguration;
			buildSettings = {
				ALWAYS_SEARCH_USER_PATHS = NO;
				CLANG_ANALYZER_NONNULL = YES;
				CLANG_CXX_LANGUAGE_STANDARD = "gnu++0x";
				CLANG_CXX_LIBRARY = "libc++";
				CLANG_ENABLE_MODULES = YES;
				CLANG_ENABLE_OBJC_ARC = YES;
				CLANG_WARN_BOOL_CONVERSION = YES;
				CLANG_WARN_CONSTANT_CONVERSION = YES;
				CLANG_WARN_DIRECT_OBJC_ISA_USAGE = YES_ERROR;
				CLANG_WARN_DOCUMENTATION_COMMENTS = YES;
				CLANG_WARN_EMPTY_BODY = YES;
				CLANG_WARN_ENUM_CONVERSION = YES;
				CLANG_WARN_INFINITE_RECURSION = YES;
				CLANG_WARN_INT_CONVERSION = YES;
				CLANG_WARN_OBJC_ROOT_CLASS = YES_ERROR;
				CLANG_WARN_SUSPICIOUS_MOVES = YES;
				CLANG_WARN_UNREACHABLE_CODE = YES;
				CLANG_WARN__DUPLICATE_METHOD_MATCH = YES;
				"CODE_SIGN_IDENTITY[sdk=iphoneos*]" = "iPhone Developer";
				COPY_PHASE_STRIP = NO;
				DEBUG_INFORMATION_FORMAT = dwarf;
				ENABLE_STRICT_OBJC_MSGSEND = YES;
				ENABLE_TESTABILITY = YES;
				GCC_C_LANGUAGE_STANDARD = gnu99;
				GCC_DYNAMIC_NO_PIC = NO;
				GCC_NO_COMMON_BLOCKS = YES;
				GCC_OPTIMIZATION_LEVEL = 0;
				GCC_PREPROCESSOR_DEFINITIONS = (
					"DEBUG=1",
					"$(inherited)",
				);
				GCC_WARN_64_TO_32_BIT_CONVERSION = YES;
				GCC_WARN_ABOUT_RETURN_TYPE = YES_ERROR;
				GCC_WARN_UNDECLARED_SELECTOR = YES;
				GCC_WARN_UNINITIALIZED_AUTOS = YES_AGGRESSIVE;
				GCC_WARN_UNUSED_FUNCTION = YES;
				GCC_WARN_UNUSED_VARIABLE = YES;
				IPHONEOS_DEPLOYMENT_TARGET = 10.0;
				MTL_ENABLE_DEBUG_INFO = YES;
				ONLY_ACTIVE_ARCH = YES;
				SDKROOT = iphoneos;
			};
			name = Debug;
		};
		704830B41D813EAF0092DC0F /* Release */ = {
			isa = XCBuildConfiguration;
			buildSettings = {
				ALWAYS_SEARCH_USER_PATHS = NO;
				CLANG_ANALYZER_NONNULL = YES;
				CLANG_CXX_LANGUAGE_STANDARD = "gnu++0x";
				CLANG_CXX_LIBRARY = "libc++";
				CLANG_ENABLE_MODULES = YES;
				CLANG_ENABLE_OBJC_ARC = YES;
				CLANG_WARN_BOOL_CONVERSION = YES;
				CLANG_WARN_CONSTANT_CONVERSION = YES;
				CLANG_WARN_DIRECT_OBJC_ISA_USAGE = YES_ERROR;
				CLANG_WARN_DOCUMENTATION_COMMENTS = YES;
				CLANG_WARN_EMPTY_BODY = YES;
				CLANG_WARN_ENUM_CONVERSION = YES;
				CLANG_WARN_INFINITE_RECURSION = YES;
				CLANG_WARN_INT_CONVERSION = YES;
				CLANG_WARN_OBJC_ROOT_CLASS = YES_ERROR;
				CLANG_WARN_SUSPICIOUS_MOVES = YES;
				CLANG_WARN_UNREACHABLE_CODE = YES;
				CLANG_WARN__DUPLICATE_METHOD_MATCH = YES;
				"CODE_SIGN_IDENTITY[sdk=iphoneos*]" = "iPhone Developer";
				COPY_PHASE_STRIP = NO;
				DEBUG_INFORMATION_FORMAT = "dwarf-with-dsym";
				ENABLE_NS_ASSERTIONS = NO;
				ENABLE_STRICT_OBJC_MSGSEND = YES;
				GCC_C_LANGUAGE_STANDARD = gnu99;
				GCC_NO_COMMON_BLOCKS = YES;
				GCC_WARN_64_TO_32_BIT_CONVERSION = YES;
				GCC_WARN_ABOUT_RETURN_TYPE = YES_ERROR;
				GCC_WARN_UNDECLARED_SELECTOR = YES;
				GCC_WARN_UNINITIALIZED_AUTOS = YES_AGGRESSIVE;
				GCC_WARN_UNUSED_FUNCTION = YES;
				GCC_WARN_UNUSED_VARIABLE = YES;
				IPHONEOS_DEPLOYMENT_TARGET = 10.0;
				MTL_ENABLE_DEBUG_INFO = NO;
				SDKROOT = iphoneos;
				VALIDATE_PRODUCT = YES;
			};
			name = Release;
		};
		704830B61D813EAF0092DC0F /* Debug */ = {
			isa = XCBuildConfiguration;
			buildSettings = {
				ASSETCATALOG_COMPILER_APPICON_NAME = AppIcon;
				DEVELOPMENT_TEAM = W755NUT7GJ;
				INFOPLIST_FILE = AppleWatchOS3Demo/Info.plist;
				LD_RUNPATH_SEARCH_PATHS = "$(inherited) @executable_path/Frameworks";
				PRODUCT_BUNDLE_IDENTIFIER = com.sse.ustc.AppleWatchOS3Demo;
				PRODUCT_NAME = "$(TARGET_NAME)";
			};
			name = Debug;
		};
		704830B71D813EAF0092DC0F /* Release */ = {
			isa = XCBuildConfiguration;
			buildSettings = {
				ASSETCATALOG_COMPILER_APPICON_NAME = AppIcon;
				DEVELOPMENT_TEAM = W755NUT7GJ;
				INFOPLIST_FILE = AppleWatchOS3Demo/Info.plist;
				LD_RUNPATH_SEARCH_PATHS = "$(inherited) @executable_path/Frameworks";
				PRODUCT_BUNDLE_IDENTIFIER = com.sse.ustc.AppleWatchOS3Demo;
				PRODUCT_NAME = "$(TARGET_NAME)";
			};
			name = Release;
		};
		704830B91D813EAF0092DC0F /* Debug */ = {
			isa = XCBuildConfiguration;
			buildSettings = {
				BUNDLE_LOADER = "$(TEST_HOST)";
				DEVELOPMENT_TEAM = W755NUT7GJ;
				INFOPLIST_FILE = AppleWatchOS3DemoTests/Info.plist;
				LD_RUNPATH_SEARCH_PATHS = "$(inherited) @executable_path/Frameworks @loader_path/Frameworks";
				PRODUCT_BUNDLE_IDENTIFIER = com.sse.ustc.AppleWatchOS3DemoTests;
				PRODUCT_NAME = "$(TARGET_NAME)";
				TEST_HOST = "$(BUILT_PRODUCTS_DIR)/AppleWatchOS3Demo.app/AppleWatchOS3Demo";
			};
			name = Debug;
		};
		704830BA1D813EAF0092DC0F /* Release */ = {
			isa = XCBuildConfiguration;
			buildSettings = {
				BUNDLE_LOADER = "$(TEST_HOST)";
				DEVELOPMENT_TEAM = W755NUT7GJ;
				INFOPLIST_FILE = AppleWatchOS3DemoTests/Info.plist;
				LD_RUNPATH_SEARCH_PATHS = "$(inherited) @executable_path/Frameworks @loader_path/Frameworks";
				PRODUCT_BUNDLE_IDENTIFIER = com.sse.ustc.AppleWatchOS3DemoTests;
				PRODUCT_NAME = "$(TARGET_NAME)";
				TEST_HOST = "$(BUILT_PRODUCTS_DIR)/AppleWatchOS3Demo.app/AppleWatchOS3Demo";
			};
			name = Release;
		};
		704830BC1D813EAF0092DC0F /* Debug */ = {
			isa = XCBuildConfiguration;
			buildSettings = {
				DEVELOPMENT_TEAM = W755NUT7GJ;
				INFOPLIST_FILE = AppleWatchOS3DemoUITests/Info.plist;
				LD_RUNPATH_SEARCH_PATHS = "$(inherited) @executable_path/Frameworks @loader_path/Frameworks";
				PRODUCT_BUNDLE_IDENTIFIER = com.sse.ustc.AppleWatchOS3DemoUITests;
				PRODUCT_NAME = "$(TARGET_NAME)";
				TEST_TARGET_NAME = AppleWatchOS3Demo;
			};
			name = Debug;
		};
		704830BD1D813EAF0092DC0F /* Release */ = {
			isa = XCBuildConfiguration;
			buildSettings = {
				DEVELOPMENT_TEAM = W755NUT7GJ;
				INFOPLIST_FILE = AppleWatchOS3DemoUITests/Info.plist;
				LD_RUNPATH_SEARCH_PATHS = "$(inherited) @executable_path/Frameworks @loader_path/Frameworks";
				PRODUCT_BUNDLE_IDENTIFIER = com.sse.ustc.AppleWatchOS3DemoUITests;
				PRODUCT_NAME = "$(TARGET_NAME)";
				TEST_TARGET_NAME = AppleWatchOS3Demo;
			};
			name = Release;
		};
		704830E51D813FCC0092DC0F /* Debug */ = {
			isa = XCBuildConfiguration;
			buildSettings = {
				ASSETCATALOG_COMPILER_APPICON_NAME = AppIcon;
				DEVELOPMENT_TEAM = W755NUT7GJ;
				IBSC_MODULE = WatchApp_Extension;
				INFOPLIST_FILE = WatchApp/Info.plist;
				PRODUCT_BUNDLE_IDENTIFIER = com.sse.ustc.AppleWatchOS3Demo.watchkitapp;
				PRODUCT_NAME = "$(TARGET_NAME)";
				SDKROOT = watchos;
				SKIP_INSTALL = YES;
				TARGETED_DEVICE_FAMILY = 4;
				WATCHOS_DEPLOYMENT_TARGET = 3.0;
			};
			name = Debug;
		};
		704830E61D813FCC0092DC0F /* Release */ = {
			isa = XCBuildConfiguration;
			buildSettings = {
				ASSETCATALOG_COMPILER_APPICON_NAME = AppIcon;
				DEVELOPMENT_TEAM = W755NUT7GJ;
				IBSC_MODULE = WatchApp_Extension;
				INFOPLIST_FILE = WatchApp/Info.plist;
				PRODUCT_BUNDLE_IDENTIFIER = com.sse.ustc.AppleWatchOS3Demo.watchkitapp;
				PRODUCT_NAME = "$(TARGET_NAME)";
				SDKROOT = watchos;
				SKIP_INSTALL = YES;
				TARGETED_DEVICE_FAMILY = 4;
				WATCHOS_DEPLOYMENT_TARGET = 3.0;
			};
			name = Release;
		};
		704830E71D813FCC0092DC0F /* Debug */ = {
			isa = XCBuildConfiguration;
			buildSettings = {
				ASSETCATALOG_COMPILER_COMPLICATION_NAME = Complication;
				DEVELOPMENT_TEAM = W755NUT7GJ;
				INFOPLIST_FILE = "WatchApp Extension/Info.plist";
				LD_RUNPATH_SEARCH_PATHS = "$(inherited) @executable_path/Frameworks @executable_path/../../Frameworks";
				PRODUCT_BUNDLE_IDENTIFIER = com.sse.ustc.AppleWatchOS3Demo.watchkitapp.watchkitextension;
				PRODUCT_NAME = "${TARGET_NAME}";
				SDKROOT = watchos;
				SKIP_INSTALL = YES;
				TARGETED_DEVICE_FAMILY = 4;
				WATCHOS_DEPLOYMENT_TARGET = 3.0;
			};
			name = Debug;
		};
		704830E81D813FCC0092DC0F /* Release */ = {
			isa = XCBuildConfiguration;
			buildSettings = {
				ASSETCATALOG_COMPILER_COMPLICATION_NAME = Complication;
				DEVELOPMENT_TEAM = W755NUT7GJ;
				INFOPLIST_FILE = "WatchApp Extension/Info.plist";
				LD_RUNPATH_SEARCH_PATHS = "$(inherited) @executable_path/Frameworks @executable_path/../../Frameworks";
				PRODUCT_BUNDLE_IDENTIFIER = com.sse.ustc.AppleWatchOS3Demo.watchkitapp.watchkitextension;
				PRODUCT_NAME = "${TARGET_NAME}";
				SDKROOT = watchos;
				SKIP_INSTALL = YES;
				TARGETED_DEVICE_FAMILY = 4;
				WATCHOS_DEPLOYMENT_TARGET = 3.0;
			};
			name = Release;
		};
/* End XCBuildConfiguration section */

/* Begin XCConfigurationList section */
		704830831D813EAF0092DC0F /* Build configuration list for PBXProject "AppleWatchOS3Demo" */ = {
			isa = XCConfigurationList;
			buildConfigurations = (
				704830B31D813EAF0092DC0F /* Debug */,
				704830B41D813EAF0092DC0F /* Release */,
			);
			defaultConfigurationIsVisible = 0;
			defaultConfigurationName = Release;
		};
		704830B51D813EAF0092DC0F /* Build configuration list for PBXNativeTarget "AppleWatchOS3Demo" */ = {
			isa = XCConfigurationList;
			buildConfigurations = (
				704830B61D813EAF0092DC0F /* Debug */,
				704830B71D813EAF0092DC0F /* Release */,
			);
			defaultConfigurationIsVisible = 0;
			defaultConfigurationName = Release;
		};
		704830B81D813EAF0092DC0F /* Build configuration list for PBXNativeTarget "AppleWatchOS3DemoTests" */ = {
			isa = XCConfigurationList;
			buildConfigurations = (
				704830B91D813EAF0092DC0F /* Debug */,
				704830BA1D813EAF0092DC0F /* Release */,
			);
			defaultConfigurationIsVisible = 0;
			defaultConfigurationName = Release;
		};
		704830BB1D813EAF0092DC0F /* Build configuration list for PBXNativeTarget "AppleWatchOS3DemoUITests" */ = {
			isa = XCConfigurationList;
			buildConfigurations = (
				704830BC1D813EAF0092DC0F /* Debug */,
				704830BD1D813EAF0092DC0F /* Release */,
			);
			defaultConfigurationIsVisible = 0;
			defaultConfigurationName = Release;
		};
		704830E91D813FCC0092DC0F /* Build configuration list for PBXNativeTarget "WatchApp Extension" */ = {
			isa = XCConfigurationList;
			buildConfigurations = (
				704830E71D813FCC0092DC0F /* Debug */,
				704830E81D813FCC0092DC0F /* Release */,
			);
			defaultConfigurationIsVisible = 0;
		};
		704830EB1D813FCC0092DC0F /* Build configuration list for PBXNativeTarget "WatchApp" */ = {
			isa = XCConfigurationList;
			buildConfigurations = (
				704830E51D813FCC0092DC0F /* Debug */,
				704830E61D813FCC0092DC0F /* Release */,
			);
			defaultConfigurationIsVisible = 0;
		};
/* End XCConfigurationList section */
	};
	rootObject = 704830801D813EAF0092DC0F /* Project object */;
}
